
Microsoft Visual Studio Solution File, Format Version 12.00
# Visual Studio Version 16
VisualStudioVersion = 16.0.30104.148
MinimumVisualStudioVersion = 10.0.40219.1
Project("{FAE04EC0-301F-11D3-BF4B-00C04F79EFBC}") = "CSV2Obj", "CSV2Obj\CSV2Obj.csproj", "{E5217071-127B-43DD-A860-6472C4B8FACF}"
EndProject
Global
	GlobalSection(SolutionConfigurationPlatforms) = preSolution
		Debug|Any CPU = Debug|Any CPU
		Release|Any CPU = Release|Any CPU
	EndGlobalSection
	GlobalSection(ProjectConfigurationPlatforms) = postSolution
		{E5217071-127B-43DD-A860-6472C4B8FACF}.Debug|Any CPU.ActiveCfg = Debug|Any CPU
		{E5217071-127B-43DD-A860-6472C4B8FACF}.Debug|Any CPU.Build.0 = Debug|Any CPU
		{E5217071-127B-43DD-A860-6472C4B8FACF}.Release|Any CPU.ActiveCfg = Release|Any CPU
		{E5217071-127B-43DD-A860-6472C4B8FACF}.Release|Any CPU.Build.0 = Release|Any CPU
	EndGlobalSection
	GlobalSection(SolutionProperties) = preSolution
		HideSolutionNode = FALSE
	EndGlobalSection
	GlobalSection(ExtensibilityGlobals) = postSolution
		SolutionGuid = {3805D960-E669-4C15-A76F-B47E5A89F246}
	EndGlobalSection
EndGlobal
